// !$*UTF8*$!
{
	archiveVersion = 1;
	classes = {
	};
	objectVersion = 46;
	objects = {

/* Begin PBXBuildFile section */
		9A539EE31A55D98A000AFC07 /* AppDelegate.swift in Sources */ = {isa = PBXBuildFile; fileRef = 9A539EE21A55D98A000AFC07 /* AppDelegate.swift */; };
		9A539EE51A55D98A000AFC07 /* ViewController.swift in Sources */ = {isa = PBXBuildFile; fileRef = 9A539EE41A55D98A000AFC07 /* ViewController.swift */; };
		9A539EE81A55D98A000AFC07 /* Main.storyboard in Resources */ = {isa = PBXBuildFile; fileRef = 9A539EE61A55D98A000AFC07 /* Main.storyboard */; };
		9A539EEA1A55D98A000AFC07 /* Images.xcassets in Resources */ = {isa = PBXBuildFile; fileRef = 9A539EE91A55D98A000AFC07 /* Images.xcassets */; };
		9A539EED1A55D98A000AFC07 /* LaunchScreen.xib in Resources */ = {isa = PBXBuildFile; fileRef = 9A539EEB1A55D98A000AFC07 /* LaunchScreen.xib */; };
		9A539EF91A55D98A000AFC07 /* Cat_YearsTests.swift in Sources */ = {isa = PBXBuildFile; fileRef = 9A539EF81A55D98A000AFC07 /* Cat_YearsTests.swift */; };
		9A539F031A55DB66000AFC07 /* catfamily-hulahoop.jpeg in Resources */ = {isa = PBXBuildFile; fileRef = 9A539F021A55DB66000AFC07 /* catfamily-hulahoop.jpeg */; };
/* End PBXBuildFile section */

/* Begin PBXContainerItemProxy section */
		9A539EF31A55D98A000AFC07 /* PBXContainerItemProxy */ = {
			isa = PBXContainerItemProxy;
			containerPortal = 9A539ED51A55D98A000AFC07 /* Project object */;
			proxyType = 1;
			remoteGlobalIDString = 9A539EDC1A55D98A000AFC07;
			remoteInfo = "Cat Years";
		};
/* End PBXContainerItemProxy section */

/* Begin PBXFileReference section */
		9A539EDD1A55D98A000AFC07 /* Cat Years.app */ = {isa = PBXFileReference; explicitFileType = wrapper.application; includeInIndex = 0; path = "Cat Years.app"; sourceTree = BUILT_PRODUCTS_DIR; };
		9A539EE11A55D98A000AFC07 /* Info.plist */ = {isa = PBXFileReference; lastKnownFileType = text.plist.xml; path = Info.plist; sourceTree = "<group>"; };
		9A539EE21A55D98A000AFC07 /* AppDelegate.swift */ = {isa = PBXFileReference; lastKnownFileType = sourcecode.swift; path = AppDelegate.swift; sourceTree = "<group>"; };
		9A539EE41A55D98A000AFC07 /* ViewController.swift */ = {isa = PBXFileReference; lastKnownFileType = sourcecode.swift; path = ViewController.swift; sourceTree = "<group>"; };
		9A539EE71A55D98A000AFC07 /* Base */ = {isa = PBXFileReference; lastKnownFileType = file.storyboard; name = Base; path = Base.lproj/Main.storyboard; sourceTree = "<group>"; };
		9A539EE91A55D98A000AFC07 /* Images.xcassets */ = {isa = PBXFileReference; lastKnownFileType = folder.assetcatalog; path = Images.xcassets; sourceTree = "<group>"; };
		9A539EEC1A55D98A000AFC07 /* Base */ = {isa = PBXFileReference; lastKnownFileType = file.xib; name = Base; path = Base.lproj/LaunchScreen.xib; sourceTree = "<group>"; };
		9A539EF21A55D98A000AFC07 /* Cat YearsTests.xctest */ = {isa = PBXFileReference; explicitFileType = wrapper.cfbundle; includeInIndex = 0; path = "Cat YearsTests.xctest"; sourceTree = BUILT_PRODUCTS_DIR; };
		9A539EF71A55D98A000AFC07 /* Info.plist */ = {isa = PBXFileReference; lastKnownFileType = text.plist.xml; path = Info.plist; sourceTree = "<group>"; };
		9A539EF81A55D98A000AFC07 /* Cat_YearsTests.swift */ = {isa = PBXFileReference; lastKnownFileType = sourcecode.swift; path = Cat_YearsTests.swift; sourceTree = "<group>"; };
		9A539F021A55DB66000AFC07 /* catfamily-hulahoop.jpeg */ = {isa = PBXFileReference; lastKnownFileType = image.jpeg; path = "catfamily-hulahoop.jpeg"; sourceTree = "<group>"; };
/* End PBXFileReference section */

/* Begin PBXFrameworksBuildPhase section */
		9A539EDA1A55D98A000AFC07 /* Frameworks */ = {
			isa = PBXFrameworksBuildPhase;
			buildActionMask = 2147483647;
			files = (
			);
			runOnlyForDeploymentPostprocessing = 0;
		};
		9A539EEF1A55D98A000AFC07 /* Frameworks */ = {
			isa = PBXFrameworksBuildPhase;
			buildActionMask = 2147483647;
			files = (
			);
			runOnlyForDeploymentPostprocessing = 0;
		};
/* End PBXFrameworksBuildPhase section */

/* Begin PBXGroup section */
		9A539ED41A55D98A000AFC07 = {
			isa = PBXGroup;
			children = (
				9A539EDF1A55D98A000AFC07 /* Cat Years */,
				9A539EF51A55D98A000AFC07 /* Cat YearsTests */,
				9A539EDE1A55D98A000AFC07 /* Products */,
			);
			sourceTree = "<group>";
		};
		9A539EDE1A55D98A000AFC07 /* Products */ = {
			isa = PBXGroup;
			children = (
				9A539EDD1A55D98A000AFC07 /* Cat Years.app */,
				9A539EF21A55D98A000AFC07 /* Cat YearsTests.xctest */,
			);
			name = Products;
			sourceTree = "<group>";
		};
		9A539EDF1A55D98A000AFC07 /* Cat Years */ = {
			isa = PBXGroup;
			children = (
				9A539EE21A55D98A000AFC07 /* AppDelegate.swift */,
				9A539EE41A55D98A000AFC07 /* ViewController.swift */,
				9A539EE61A55D98A000AFC07 /* Main.storyboard */,
				9A539F021A55DB66000AFC07 /* catfamily-hulahoop.jpeg */,
				9A539EE91A55D98A000AFC07 /* Images.xcassets */,
				9A539EEB1A55D98A000AFC07 /* LaunchScreen.xib */,
				9A539EE01A55D98A000AFC07 /* Supporting Files */,
			);
			path = "Cat Years";
			sourceTree = "<group>";
		};
		9A539EE01A55D98A000AFC07 /* Supporting Files */ = {
			isa = PBXGroup;
			children = (
				9A539EE11A55D98A000AFC07 /* Info.plist */,
			);
			name = "Supporting Files";
			sourceTree = "<group>";
		};
		9A539EF51A55D98A000AFC07 /* Cat YearsTests */ = {
			isa = PBXGroup;
			children = (
				9A539EF81A55D98A000AFC07 /* Cat_YearsTests.swift */,
				9A539EF61A55D98A000AFC07 /* Supporting Files */,
			);
			path = "Cat YearsTests";
			sourceTree = "<group>";
		};
		9A539EF61A55D98A000AFC07 /* Supporting Files */ = {
			isa = PBXGroup;
			children = (
				9A539EF71A55D98A000AFC07 /* Info.plist */,
			);
			name = "Supporting Files";
			sourceTree = "<group>";
		};
/* End PBXGroup section */

/* Begin PBXNativeTarget section */
		9A539EDC1A55D98A000AFC07 /* Cat Years */ = {
			isa = PBXNativeTarget;
			buildConfigurationList = 9A539EFC1A55D98A000AFC07 /* Build configuration list for PBXNativeTarget "Cat Years" */;
			buildPhases = (
				9A539ED91A55D98A000AFC07 /* Sources */,
				9A539EDA1A55D98A000AFC07 /* Frameworks */,
				9A539EDB1A55D98A000AFC07 /* Resources */,
			);
			buildRules = (
			);
			dependencies = (
			);
			name = "Cat Years";
			productName = "Cat Years";
			productReference = 9A539EDD1A55D98A000AFC07 /* Cat Years.app */;
			productType = "com.apple.product-type.application";
		};
		9A539EF11A55D98A000AFC07 /* Cat YearsTests */ = {
			isa = PBXNativeTarget;
			buildConfigurationList = 9A539EFF1A55D98A000AFC07 /* Build configuration list for PBXNativeTarget "Cat YearsTests" */;
			buildPhases = (
				9A539EEE1A55D98A000AFC07 /* Sources */,
				9A539EEF1A55D98A000AFC07 /* Frameworks */,
				9A539EF01A55D98A000AFC07 /* Resources */,
			);
			buildRules = (
			);
			dependencies = (
				9A539EF41A55D98A000AFC07 /* PBXTargetDependency */,
			);
			name = "Cat YearsTests";
			productName = "Cat YearsTests";
			productReference = 9A539EF21A55D98A000AFC07 /* Cat YearsTests.xctest */;
			productType = "com.apple.product-type.bundle.unit-test";
		};
/* End PBXNativeTarget section */

/* Begin PBXProject section */
		9A539ED51A55D98A000AFC07 /* Project object */ = {
			isa = PBXProject;
			attributes = {
				LastUpgradeCheck = 0610;
				ORGANIZATIONNAME = com.lou;
				TargetAttributes = {
					9A539EDC1A55D98A000AFC07 = {
						CreatedOnToolsVersion = 6.1.1;
					};
					9A539EF11A55D98A000AFC07 = {
						CreatedOnToolsVersion = 6.1.1;
						TestTargetID = 9A539EDC1A55D98A000AFC07;
					};
				};
			};
			buildConfigurationList = 9A539ED81A55D98A000AFC07 /* Build configuration list for PBXProject "Cat Years" */;
			compatibilityVersion = "Xcode 3.2";
			developmentRegion = English;
			hasScannedForEncodings = 0;
			knownRegions = (
				en,
				Base,
			);
			mainGroup = 9A539ED41A55D98A000AFC07;
			productRefGroup = 9A539EDE1A55D98A000AFC07 /* Products */;
			projectDirPath = "";
			projectRoot = "";
			targets = (
				9A539EDC1A55D98A000AFC07 /* Cat Years */,
				9A539EF11A55D98A000AFC07 /* Cat YearsTests */,
			);
		};
/* End PBXProject section */

/* Begin PBXResourcesBuildPhase section */
		9A539EDB1A55D98A000AFC07 /* Resources */ = {
			isa = PBXResourcesBuildPhase;
			buildActionMask = 2147483647;
			files = (
				9A539EE81A55D98A000AFC07 /* Main.storyboard in Resources */,
				9A539EED1A55D98A000AFC07 /* LaunchScreen.xib in Resources */,
				9A539F031A55DB66000AFC07 /* catfamily-hulahoop.jpeg in Resources */,
				9A539EEA1A55D98A000AFC07 /* Images.xcassets in Resources */,
			);
			runOnlyForDeploymentPostprocessing = 0;
		};
		9A539EF01A55D98A000AFC07 /* Resources */ = {
			isa = PBXResourcesBuildPhase;
			buildActionMask = 2147483647;
			files = (
			);
			runOnlyForDeploymentPostprocessing = 0;
		};
/* End PBXResourcesBuildPhase section */

/* Begin PBXSourcesBuildPhase section */
		9A539ED91A55D98A000AFC07 /* Sources */ = {
			isa = PBXSourcesBuildPhase;
			buildActionMask = 2147483647;
			files = (
				9A539EE51A55D98A000AFC07 /* ViewController.swift in Sources */,
				9A539EE31A55D98A000AFC07 /* AppDelegate.swift in Sources */,
			);
			runOnlyForDeploymentPostprocessing = 0;
		};
		9A539EEE1A55D98A000AFC07 /* Sources */ = {
			isa = PBXSourcesBuildPhase;
			buildActionMask = 2147483647;
			files = (
				9A539EF91A55D98A000AFC07 /* Cat_YearsTests.swift in Sources */,
			);
			runOnlyForDeploymentPostprocessing = 0;
		};
/* End PBXSourcesBuildPhase section */

/* Begin PBXTargetDependency section */
		9A539EF41A55D98A000AFC07 /* PBXTargetDependency */ = {
			isa = PBXTargetDependency;
			target = 9A539EDC1A55D98A000AFC07 /* Cat Years */;
			targetProxy = 9A539EF31A55D98A000AFC07 /* PBXContainerItemProxy */;
		};
/* End PBXTargetDependency section */

/* Begin PBXVariantGroup section */
		9A539EE61A55D98A000AFC07 /* Main.storyboard */ = {
			isa = PBXVariantGroup;
			children = (
				9A539EE71A55D98A000AFC07 /* Base */,
			);
			name = Main.storyboard;
			sourceTree = "<group>";
		};
		9A539EEB1A55D98A000AFC07 /* LaunchScreen.xib */ = {
			isa = PBXVariantGroup;
			children = (
				9A539EEC1A55D98A000AFC07 /* Base */,
			);
			name = LaunchScreen.xib;
			sourceTree = "<group>";
		};
/* End PBXVariantGroup section */

/* Begin XCBuildConfiguration section */
		9A539EFA1A55D98A000AFC07 /* Debug */ = {
			isa = XCBuildConfiguration;
			buildSettings = {
				ALWAYS_SEARCH_USER_PATHS = NO;
				CLANG_CXX_LANGUAGE_STANDARD = "gnu++0x";
				CLANG_CXX_LIBRARY = "libc++";
				CLANG_ENABLE_MODULES = YES;
				CLANG_ENABLE_OBJC_ARC = YES;
				CLANG_WARN_BOOL_CONVERSION = YES;
				CLANG_WARN_CONSTANT_CONVERSION = YES;
				CLANG_WARN_DIRECT_OBJC_ISA_USAGE = YES_ERROR;
				CLANG_WARN_EMPTY_BODY = YES;
				CLANG_WARN_ENUM_CONVERSION = YES;
				CLANG_WARN_INT_CONVERSION = YES;
				CLANG_WARN_OBJC_ROOT_CLASS = YES_ERROR;
				CLANG_WARN_UNREACHABLE_CODE = YES;
				CLANG_WARN__DUPLICATE_METHOD_MATCH = YES;
				"CODE_SIGN_IDENTITY[sdk=iphoneos*]" = "iPhone Developer";
				COPY_PHASE_STRIP = NO;
				ENABLE_STRICT_OBJC_MSGSEND = YES;
				GCC_C_LANGUAGE_STANDARD = gnu99;
				GCC_DYNAMIC_NO_PIC = NO;
				GCC_OPTIMIZATION_LEVEL = 0;
				GCC_PREPROCESSOR_DEFINITIONS = (
					"DEBUG=1",
					"$(inherited)",
				);
				GCC_SYMBOLS_PRIVATE_EXTERN = NO;
				GCC_WARN_64_TO_32_BIT_CONVERSION = YES;
				GCC_WARN_ABOUT_RETURN_TYPE = YES_ERROR;
				GCC_WARN_UNDECLARED_SELECTOR = YES;
				GCC_WARN_UNINITIALIZED_AUTOS = YES_AGGRESSIVE;
				GCC_WARN_UNUSED_FUNCTION = YES;
				GCC_WARN_UNUSED_VARIABLE = YES;
				IPHONEOS_DEPLOYMENT_TARGET = 8.1;
				MTL_ENABLE_DEBUG_INFO = YES;
				ONLY_ACTIVE_ARCH = YES;
				SDKROOT = iphoneos;
				SWIFT_OPTIMIZATION_LEVEL = "-Onone";
			};
			name = Debug;
		};
		9A539EFB1A55D98A000AFC07 /* Release */ = {
			isa = XCBuildConfiguration;
			buildSettings = {
				ALWAYS_SEARCH_USER_PATHS = NO;
				CLANG_CXX_LANGUAGE_STANDARD = "gnu++0x";
				CLANG_CXX_LIBRARY = "libc++";
				CLANG_ENABLE_MODULES = YES;
				CLANG_ENABLE_OBJC_ARC = YES;
				CLANG_WARN_BOOL_CONVERSION = YES;
				CLANG_WARN_CONSTANT_CONVERSION = YES;
				CLANG_WARN_DIRECT_OBJC_ISA_USAGE = YES_ERROR;
				CLANG_WARN_EMPTY_BODY = YES;
				CLANG_WARN_ENUM_CONVERSION = YES;
				CLANG_WARN_INT_CONVERSION = YES;
				CLANG_WARN_OBJC_ROOT_CLASS = YES_ERROR;
				CLANG_WARN_UNREACHABLE_CODE = YES;
				CLANG_WARN__DUPLICATE_METHOD_MATCH = YES;
				"CODE_SIGN_IDENTITY[sdk=iphoneos*]" = "iPhone Developer";
				COPY_PHASE_STRIP = YES;
				ENABLE_NS_ASSERTIONS = NO;
				ENABLE_STRICT_OBJC_MSGSEND = YES;
				GCC_C_LANGUAGE_STANDARD = gnu99;
				GCC_WARN_64_TO_32_BIT_CONVERSION = YES;
				GCC_WARN_ABOUT_RETURN_TYPE = YES_ERROR;
				GCC_WARN_UNDECLARED_SELECTOR = YES;
				GCC_WARN_UNINITIALIZED_AUTOS = YES_AGGRESSIVE;
				GCC_WARN_UNUSED_FUNCTION = YES;
				GCC_WARN_UNUSED_VARIABLE = YES;
				IPHONEOS_DEPLOYMENT_TARGET = 8.1;
				MTL_ENABLE_DEBUG_INFO = NO;
				SDKROOT = iphoneos;
				VALIDATE_PRODUCT = YES;
			};
			name = Release;
		};
		9A539EFD1A55D98A000AFC07 /* Debug */ = {
			isa = XCBuildConfiguration;
			buildSettings = {
				ASSETCATALOG_COMPILER_APPICON_NAME = AppIcon;
				INFOPLIST_FILE = "Cat Years/Info.plist";
				LD_RUNPATH_SEARCH_PATHS = "$(inherited) @executable_path/Frameworks";
				PRODUCT_NAME = "$(TARGET_NAME)";
			};
			name = Debug;
		};
		9A539EFE1A55D98A000AFC07 /* Release */ = {
			isa = XCBuildConfiguration;
			buildSettings = {
				ASSETCATALOG_COMPILER_APPICON_NAME = AppIcon;
				INFOPLIST_FILE = "Cat Years/Info.plist";
				LD_RUNPATH_SEARCH_PATHS = "$(inherited) @executable_path/Frameworks";
				PRODUCT_NAME = "$(TARGET_NAME)";
			};
			name = Release;
		};
		9A539F001A55D98A000AFC07 /* Debug */ = {
			isa = XCBuildConfiguration;
			buildSettings = {
				BUNDLE_LOADER = "$(TEST_HOST)";
				FRAMEWORK_SEARCH_PATHS = (
					"$(SDKROOT)/Developer/Library/Frameworks",
					"$(inherited)",
				);
				GCC_PREPROCESSOR_DEFINITIONS = (
					"DEBUG=1",
					"$(inherited)",
				);
				INFOPLIST_FILE = "Cat YearsTests/Info.plist";
				LD_RUNPATH_SEARCH_PATHS = "$(inherited) @executable_path/Frameworks @loader_path/Frameworks";
				PRODUCT_NAME = "$(TARGET_NAME)";
				TEST_HOST = "$(BUILT_PRODUCTS_DIR)/Cat Years.app/Cat Years";
			};
			name = Debug;
		};
		9A539F011A55D98A000AFC07 /* Release */ = {
			isa = XCBuildConfiguration;
			buildSettings = {
				BUNDLE_LOADER = "$(TEST_HOST)";
				FRAMEWORK_SEARCH_PATHS = (
					"$(SDKROOT)/Developer/Library/Frameworks",
					"$(inherited)",
				);
				INFOPLIST_FILE = "Cat YearsTests/Info.plist";
				LD_RUNPATH_SEARCH_PATHS = "$(inherited) @executable_path/Frameworks @loader_path/Frameworks";
				PRODUCT_NAME = "$(TARGET_NAME)";
				TEST_HOST = "$(BUILT_PRODUCTS_DIR)/Cat Years.app/Cat Years";
			};
			name = Release;
		};
/* End XCBuildConfiguration section */

/* Begin XCConfigurationList section */
		9A539ED81A55D98A000AFC07 /* Build configuration list for PBXProject "Cat Years" */ = {
			isa = XCConfigurationList;
			buildConfigurations = (
				9A539EFA1A55D98A000AFC07 /* Debug */,
				9A539EFB1A55D98A000AFC07 /* Release */,
			);
			defaultConfigurationIsVisible = 0;
			defaultConfigurationName = Release;
		};
		9A539EFC1A55D98A000AFC07 /* Build configuration list for PBXNativeTarget "Cat Years" */ = {
			isa = XCConfigurationList;
			buildConfigurations = (
				9A539EFD1A55D98A000AFC07 /* Debug */,
				9A539EFE1A55D98A000AFC07 /* Release */,
			);
			defaultConfigurationIsVisible = 0;
		};
		9A539EFF1A55D98A000AFC07 /* Build configuration list for PBXNativeTarget "Cat YearsTests" */ = {
			isa = XCConfigurationList;
			buildConfigurations = (
				9A539F001A55D98A000AFC07 /* Debug */,
				9A539F011A55D98A000AFC07 /* Release */,
			);
			defaultConfigurationIsVisible = 0;
		};
/* End XCConfigurationList section */
	};
	rootObject = 9A539ED51A55D98A000AFC07 /* Project object */;
}
